// !$*UTF8*$!
{
	archiveVersion = 1;
	classes = {
	};
	objectVersion = 52;
	objects = {

/* Begin PBXBuildFile section */
		4201A825270DE0B4007E40B2 /* Kingfisher in Frameworks */ = {isa = PBXBuildFile; productRef = 4201A824270DE0B4007E40B2 /* Kingfisher */; };
		4201A829270DEB5C007E40B2 /* CircleTextImageView.swift in Sources */ = {isa = PBXBuildFile; fileRef = 4201A828270DEB5C007E40B2 /* CircleTextImageView.swift */; };
		42BE35C926E917AE00CBFB1E /* swift_ui_101App.swift in Sources */ = {isa = PBXBuildFile; fileRef = 42BE35C826E917AE00CBFB1E /* swift_ui_101App.swift */; };
		42BE35CB26E917AE00CBFB1E /* ContentView.swift in Sources */ = {isa = PBXBuildFile; fileRef = 42BE35CA26E917AE00CBFB1E /* ContentView.swift */; };
		42BE35CD26E917B000CBFB1E /* Assets.xcassets in Resources */ = {isa = PBXBuildFile; fileRef = 42BE35CC26E917B000CBFB1E /* Assets.xcassets */; };
		42BE35D026E917B000CBFB1E /* Preview Assets.xcassets in Resources */ = {isa = PBXBuildFile; fileRef = 42BE35CF26E917B000CBFB1E /* Preview Assets.xcassets */; };
		42BE35DB26E917B000CBFB1E /* swift_ui_101Tests.swift in Sources */ = {isa = PBXBuildFile; fileRef = 42BE35DA26E917B000CBFB1E /* swift_ui_101Tests.swift */; };
		42BE35E626E917B000CBFB1E /* swift_ui_101UITests.swift in Sources */ = {isa = PBXBuildFile; fileRef = 42BE35E526E917B000CBFB1E /* swift_ui_101UITests.swift */; };
/* End PBXBuildFile section */

/* Begin PBXContainerItemProxy section */
		42BE35D726E917B000CBFB1E /* PBXContainerItemProxy */ = {
			isa = PBXContainerItemProxy;
			containerPortal = 42BE35BD26E917AE00CBFB1E /* Project object */;
			proxyType = 1;
			remoteGlobalIDString = 42BE35C426E917AE00CBFB1E;
			remoteInfo = swift_ui_101;
		};
		42BE35E226E917B000CBFB1E /* PBXContainerItemProxy */ = {
			isa = PBXContainerItemProxy;
			containerPortal = 42BE35BD26E917AE00CBFB1E /* Project object */;
			proxyType = 1;
			remoteGlobalIDString = 42BE35C426E917AE00CBFB1E;
			remoteInfo = swift_ui_101;
		};
/* End PBXContainerItemProxy section */

/* Begin PBXFileReference section */
		4201A828270DEB5C007E40B2 /* CircleTextImageView.swift */ = {isa = PBXFileReference; lastKnownFileType = sourcecode.swift; path = CircleTextImageView.swift; sourceTree = "<group>"; };
		42BE35C526E917AE00CBFB1E /* swift_ui_101.app */ = {isa = PBXFileReference; explicitFileType = wrapper.application; includeInIndex = 0; path = swift_ui_101.app; sourceTree = BUILT_PRODUCTS_DIR; };
		42BE35C826E917AE00CBFB1E /* swift_ui_101App.swift */ = {isa = PBXFileReference; lastKnownFileType = sourcecode.swift; path = swift_ui_101App.swift; sourceTree = "<group>"; };
		42BE35CA26E917AE00CBFB1E /* ContentView.swift */ = {isa = PBXFileReference; lastKnownFileType = sourcecode.swift; path = ContentView.swift; sourceTree = "<group>"; };
		42BE35CC26E917B000CBFB1E /* Assets.xcassets */ = {isa = PBXFileReference; lastKnownFileType = folder.assetcatalog; path = Assets.xcassets; sourceTree = "<group>"; };
		42BE35CF26E917B000CBFB1E /* Preview Assets.xcassets */ = {isa = PBXFileReference; lastKnownFileType = folder.assetcatalog; path = "Preview Assets.xcassets"; sourceTree = "<group>"; };
		42BE35D126E917B000CBFB1E /* Info.plist */ = {isa = PBXFileReference; lastKnownFileType = text.plist.xml; path = Info.plist; sourceTree = "<group>"; };
		42BE35D626E917B000CBFB1E /* swift_ui_101Tests.xctest */ = {isa = PBXFileReference; explicitFileType = wrapper.cfbundle; includeInIndex = 0; path = swift_ui_101Tests.xctest; sourceTree = BUILT_PRODUCTS_DIR; };
		42BE35DA26E917B000CBFB1E /* swift_ui_101Tests.swift */ = {isa = PBXFileReference; lastKnownFileType = sourcecode.swift; path = swift_ui_101Tests.swift; sourceTree = "<group>"; };
		42BE35DC26E917B000CBFB1E /* Info.plist */ = {isa = PBXFileReference; lastKnownFileType = text.plist.xml; path = Info.plist; sourceTree = "<group>"; };
		42BE35E126E917B000CBFB1E /* swift_ui_101UITests.xctest */ = {isa = PBXFileReference; explicitFileType = wrapper.cfbundle; includeInIndex = 0; path = swift_ui_101UITests.xctest; sourceTree = BUILT_PRODUCTS_DIR; };
		42BE35E526E917B000CBFB1E /* swift_ui_101UITests.swift */ = {isa = PBXFileReference; lastKnownFileType = sourcecode.swift; path = swift_ui_101UITests.swift; sourceTree = "<group>"; };
		42BE35E726E917B000CBFB1E /* Info.plist */ = {isa = PBXFileReference; lastKnownFileType = text.plist.xml; path = Info.plist; sourceTree = "<group>"; };
		42BE35F326E9184A00CBFB1E /* README.md */ = {isa = PBXFileReference; lastKnownFileType = net.daringfireball.markdown; path = README.md; sourceTree = "<group>"; };
/* End PBXFileReference section */

/* Begin PBXFrameworksBuildPhase section */
		42BE35C226E917AE00CBFB1E /* Frameworks */ = {
			isa = PBXFrameworksBuildPhase;
			buildActionMask = 2147483647;
			files = (
				4201A825270DE0B4007E40B2 /* Kingfisher in Frameworks */,
			);
			runOnlyForDeploymentPostprocessing = 0;
		};
		42BE35D326E917B000CBFB1E /* Frameworks */ = {
			isa = PBXFrameworksBuildPhase;
			buildActionMask = 2147483647;
			files = (
			);
			runOnlyForDeploymentPostprocessing = 0;
		};
		42BE35DE26E917B000CBFB1E /* Frameworks */ = {
			isa = PBXFrameworksBuildPhase;
			buildActionMask = 2147483647;
			files = (
			);
			runOnlyForDeploymentPostprocessing = 0;
		};
/* End PBXFrameworksBuildPhase section */

/* Begin PBXGroup section */
		4201A826270DEB12007E40B2 /* View */ = {
			isa = PBXGroup;
			children = (
				4201A827270DEB25007E40B2 /* Circle */,
			);
			path = View;
			sourceTree = "<group>";
		};
		4201A827270DEB25007E40B2 /* Circle */ = {
			isa = PBXGroup;
			children = (
				4201A828270DEB5C007E40B2 /* CircleTextImageView.swift */,
			);
			path = Circle;
			sourceTree = "<group>";
		};
		42BE35BC26E917AE00CBFB1E = {
			isa = PBXGroup;
			children = (
				42BE35F326E9184A00CBFB1E /* README.md */,
				42BE35C726E917AE00CBFB1E /* swift_ui_101 */,
				42BE35D926E917B000CBFB1E /* swift_ui_101Tests */,
				42BE35E426E917B000CBFB1E /* swift_ui_101UITests */,
				42BE35C626E917AE00CBFB1E /* Products */,
			);
			sourceTree = "<group>";
		};
		42BE35C626E917AE00CBFB1E /* Products */ = {
			isa = PBXGroup;
			children = (
				42BE35C526E917AE00CBFB1E /* swift_ui_101.app */,
				42BE35D626E917B000CBFB1E /* swift_ui_101Tests.xctest */,
				42BE35E126E917B000CBFB1E /* swift_ui_101UITests.xctest */,
			);
			name = Products;
			sourceTree = "<group>";
		};
		42BE35C726E917AE00CBFB1E /* swift_ui_101 */ = {
			isa = PBXGroup;
			children = (
				4201A826270DEB12007E40B2 /* View */,
				42BE35C826E917AE00CBFB1E /* swift_ui_101App.swift */,
				42BE35CA26E917AE00CBFB1E /* ContentView.swift */,
				42BE35CC26E917B000CBFB1E /* Assets.xcassets */,
				42BE35D126E917B000CBFB1E /* Info.plist */,
				42BE35CE26E917B000CBFB1E /* Preview Content */,
			);
			path = swift_ui_101;
			sourceTree = "<group>";
		};
		42BE35CE26E917B000CBFB1E /* Preview Content */ = {
			isa = PBXGroup;
			children = (
				42BE35CF26E917B000CBFB1E /* Preview Assets.xcassets */,
			);
			path = "Preview Content";
			sourceTree = "<group>";
		};
		42BE35D926E917B000CBFB1E /* swift_ui_101Tests */ = {
			isa = PBXGroup;
			children = (
				42BE35DA26E917B000CBFB1E /* swift_ui_101Tests.swift */,
				42BE35DC26E917B000CBFB1E /* Info.plist */,
			);
			path = swift_ui_101Tests;
			sourceTree = "<group>";
		};
		42BE35E426E917B000CBFB1E /* swift_ui_101UITests */ = {
			isa = PBXGroup;
			children = (
				42BE35E526E917B000CBFB1E /* swift_ui_101UITests.swift */,
				42BE35E726E917B000CBFB1E /* Info.plist */,
			);
			path = swift_ui_101UITests;
			sourceTree = "<group>";
		};
/* End PBXGroup section */

/* Begin PBXNativeTarget section */
		42BE35C426E917AE00CBFB1E /* swift_ui_101 */ = {
			isa = PBXNativeTarget;
			buildConfigurationList = 42BE35EA26E917B000CBFB1E /* Build configuration list for PBXNativeTarget "swift_ui_101" */;
			buildPhases = (
				42BE35C126E917AE00CBFB1E /* Sources */,
				42BE35C226E917AE00CBFB1E /* Frameworks */,
				42BE35C326E917AE00CBFB1E /* Resources */,
			);
			buildRules = (
			);
			dependencies = (
			);
			name = swift_ui_101;
			packageProductDependencies = (
				4201A824270DE0B4007E40B2 /* Kingfisher */,
			);
			productName = swift_ui_101;
			productReference = 42BE35C526E917AE00CBFB1E /* swift_ui_101.app */;
			productType = "com.apple.product-type.application";
		};
		42BE35D526E917B000CBFB1E /* swift_ui_101Tests */ = {
			isa = PBXNativeTarget;
			buildConfigurationList = 42BE35ED26E917B000CBFB1E /* Build configuration list for PBXNativeTarget "swift_ui_101Tests" */;
			buildPhases = (
				42BE35D226E917B000CBFB1E /* Sources */,
				42BE35D326E917B000CBFB1E /* Frameworks */,
				42BE35D426E917B000CBFB1E /* Resources */,
			);
			buildRules = (
			);
			dependencies = (
				42BE35D826E917B000CBFB1E /* PBXTargetDependency */,
			);
			name = swift_ui_101Tests;
			productName = swift_ui_101Tests;
			productReference = 42BE35D626E917B000CBFB1E /* swift_ui_101Tests.xctest */;
			productType = "com.apple.product-type.bundle.unit-test";
		};
		42BE35E026E917B000CBFB1E /* swift_ui_101UITests */ = {
			isa = PBXNativeTarget;
			buildConfigurationList = 42BE35F026E917B000CBFB1E /* Build configuration list for PBXNativeTarget "swift_ui_101UITests" */;
			buildPhases = (
				42BE35DD26E917B000CBFB1E /* Sources */,
				42BE35DE26E917B000CBFB1E /* Frameworks */,
				42BE35DF26E917B000CBFB1E /* Resources */,
			);
			buildRules = (
			);
			dependencies = (
				42BE35E326E917B000CBFB1E /* PBXTargetDependency */,
			);
			name = swift_ui_101UITests;
			productName = swift_ui_101UITests;
			productReference = 42BE35E126E917B000CBFB1E /* swift_ui_101UITests.xctest */;
			productType = "com.apple.product-type.bundle.ui-testing";
		};
/* End PBXNativeTarget section */

/* Begin PBXProject section */
		42BE35BD26E917AE00CBFB1E /* Project object */ = {
			isa = PBXProject;
			attributes = {
				LastSwiftUpdateCheck = 1250;
				LastUpgradeCheck = 1250;
				TargetAttributes = {
					42BE35C426E917AE00CBFB1E = {
						CreatedOnToolsVersion = 12.5.1;
					};
					42BE35D526E917B000CBFB1E = {
						CreatedOnToolsVersion = 12.5.1;
						TestTargetID = 42BE35C426E917AE00CBFB1E;
					};
					42BE35E026E917B000CBFB1E = {
						CreatedOnToolsVersion = 12.5.1;
						TestTargetID = 42BE35C426E917AE00CBFB1E;
					};
				};
			};
			buildConfigurationList = 42BE35C026E917AE00CBFB1E /* Build configuration list for PBXProject "swift_ui_101" */;
			compatibilityVersion = "Xcode 9.3";
			developmentRegion = en;
			hasScannedForEncodings = 0;
			knownRegions = (
				en,
				Base,
			);
			mainGroup = 42BE35BC26E917AE00CBFB1E;
			packageReferences = (
				4201A823270DE0B4007E40B2 /* XCRemoteSwiftPackageReference "Kingfisher" */,
			);
			productRefGroup = 42BE35C626E917AE00CBFB1E /* Products */;
			projectDirPath = "";
			projectRoot = "";
			targets = (
				42BE35C426E917AE00CBFB1E /* swift_ui_101 */,
				42BE35D526E917B000CBFB1E /* swift_ui_101Tests */,
				42BE35E026E917B000CBFB1E /* swift_ui_101UITests */,
			);
		};
/* End PBXProject section */

/* Begin PBXResourcesBuildPhase section */
		42BE35C326E917AE00CBFB1E /* Resources */ = {
			isa = PBXResourcesBuildPhase;
			buildActionMask = 2147483647;
			files = (
				42BE35D026E917B000CBFB1E /* Preview Assets.xcassets in Resources */,
				42BE35CD26E917B000CBFB1E /* Assets.xcassets in Resources */,
			);
			runOnlyForDeploymentPostprocessing = 0;
		};
		42BE35D426E917B000CBFB1E /* Resources */ = {
			isa = PBXResourcesBuildPhase;
			buildActionMask = 2147483647;
			files = (
			);
			runOnlyForDeploymentPostprocessing = 0;
		};
		42BE35DF26E917B000CBFB1E /* Resources */ = {
			isa = PBXResourcesBuildPhase;
			buildActionMask = 2147483647;
			files = (
			);
			runOnlyForDeploymentPostprocessing = 0;
		};
/* End PBXResourcesBuildPhase section */

/* Begin PBXSourcesBuildPhase section */
		42BE35C126E917AE00CBFB1E /* Sources */ = {
			isa = PBXSourcesBuildPhase;
			buildActionMask = 2147483647;
			files = (
				42BE35CB26E917AE00CBFB1E /* ContentView.swift in Sources */,
				4201A829270DEB5C007E40B2 /* CircleTextImageView.swift in Sources */,
				42BE35C926E917AE00CBFB1E /* swift_ui_101App.swift in Sources */,
			);
			runOnlyForDeploymentPostprocessing = 0;
		};
		42BE35D226E917B000CBFB1E /* Sources */ = {
			isa = PBXSourcesBuildPhase;
			buildActionMask = 2147483647;
			files = (
				42BE35DB26E917B000CBFB1E /* swift_ui_101Tests.swift in Sources */,
			);
			runOnlyForDeploymentPostprocessing = 0;
		};
		42BE35DD26E917B000CBFB1E /* Sources */ = {
			isa = PBXSourcesBuildPhase;
			buildActionMask = 2147483647;
			files = (
				42BE35E626E917B000CBFB1E /* swift_ui_101UITests.swift in Sources */,
			);
			runOnlyForDeploymentPostprocessing = 0;
		};
/* End PBXSourcesBuildPhase section */

/* Begin PBXTargetDependency section */
		42BE35D826E917B000CBFB1E /* PBXTargetDependency */ = {
			isa = PBXTargetDependency;
			target = 42BE35C426E917AE00CBFB1E /* swift_ui_101 */;
			targetProxy = 42BE35D726E917B000CBFB1E /* PBXContainerItemProxy */;
		};
		42BE35E326E917B000CBFB1E /* PBXTargetDependency */ = {
			isa = PBXTargetDependency;
			target = 42BE35C426E917AE00CBFB1E /* swift_ui_101 */;
			targetProxy = 42BE35E226E917B000CBFB1E /* PBXContainerItemProxy */;
		};
/* End PBXTargetDependency section */

/* Begin XCBuildConfiguration section */
		42BE35E826E917B000CBFB1E /* Debug */ = {
			isa = XCBuildConfiguration;
			buildSettings = {
				ALWAYS_SEARCH_USER_PATHS = NO;
				CLANG_ANALYZER_NONNULL = YES;
				CLANG_ANALYZER_NUMBER_OBJECT_CONVERSION = YES_AGGRESSIVE;
				CLANG_CXX_LANGUAGE_STANDARD = "gnu++14";
				CLANG_CXX_LIBRARY = "libc++";
				CLANG_ENABLE_MODULES = YES;
				CLANG_ENABLE_OBJC_ARC = YES;
				CLANG_ENABLE_OBJC_WEAK = YES;
				CLANG_WARN_BLOCK_CAPTURE_AUTORELEASING = YES;
				CLANG_WARN_BOOL_CONVERSION = YES;
				CLANG_WARN_COMMA = YES;
				CLANG_WARN_CONSTANT_CONVERSION = YES;
				CLANG_WARN_DEPRECATED_OBJC_IMPLEMENTATIONS = YES;
				CLANG_WARN_DIRECT_OBJC_ISA_USAGE = YES_ERROR;
				CLANG_WARN_DOCUMENTATION_COMMENTS = YES;
				CLANG_WARN_EMPTY_BODY = YES;
				CLANG_WARN_ENUM_CONVERSION = YES;
				CLANG_WARN_INFINITE_RECURSION = YES;
				CLANG_WARN_INT_CONVERSION = YES;
				CLANG_WARN_NON_LITERAL_NULL_CONVERSION = YES;
				CLANG_WARN_OBJC_IMPLICIT_RETAIN_SELF = YES;
				CLANG_WARN_OBJC_LITERAL_CONVERSION = YES;
				CLANG_WARN_OBJC_ROOT_CLASS = YES_ERROR;
				CLANG_WARN_QUOTED_INCLUDE_IN_FRAMEWORK_HEADER = YES;
				CLANG_WARN_RANGE_LOOP_ANALYSIS = YES;
				CLANG_WARN_STRICT_PROTOTYPES = YES;
				CLANG_WARN_SUSPICIOUS_MOVE = YES;
				CLANG_WARN_UNGUARDED_AVAILABILITY = YES_AGGRESSIVE;
				CLANG_WARN_UNREACHABLE_CODE = YES;
				CLANG_WARN__DUPLICATE_METHOD_MATCH = YES;
				COPY_PHASE_STRIP = NO;
				DEBUG_INFORMATION_FORMAT = dwarf;
				ENABLE_STRICT_OBJC_MSGSEND = YES;
				ENABLE_TESTABILITY = YES;
				GCC_C_LANGUAGE_STANDARD = gnu11;
				GCC_DYNAMIC_NO_PIC = NO;
				GCC_NO_COMMON_BLOCKS = YES;
				GCC_OPTIMIZATION_LEVEL = 0;
				GCC_PREPROCESSOR_DEFINITIONS = (
					"DEBUG=1",
					"$(inherited)",
				);
				GCC_WARN_64_TO_32_BIT_CONVERSION = YES;
				GCC_WARN_ABOUT_RETURN_TYPE = YES_ERROR;
				GCC_WARN_UNDECLARED_SELECTOR = YES;
				GCC_WARN_UNINITIALIZED_AUTOS = YES_AGGRESSIVE;
				GCC_WARN_UNUSED_FUNCTION = YES;
				GCC_WARN_UNUSED_VARIABLE = YES;
				IPHONEOS_DEPLOYMENT_TARGET = 14.5;
				MTL_ENABLE_DEBUG_INFO = INCLUDE_SOURCE;
				MTL_FAST_MATH = YES;
				ONLY_ACTIVE_ARCH = YES;
				SDKROOT = iphoneos;
				SWIFT_ACTIVE_COMPILATION_CONDITIONS = DEBUG;
				SWIFT_OPTIMIZATION_LEVEL = "-Onone";
			};
			name = Debug;
		};
		42BE35E926E917B000CBFB1E /* Release */ = {
			isa = XCBuildConfiguration;
			buildSettings = {
				ALWAYS_SEARCH_USER_PATHS = NO;
				CLANG_ANALYZER_NONNULL = YES;
				CLANG_ANALYZER_NUMBER_OBJECT_CONVERSION = YES_AGGRESSIVE;
				CLANG_CXX_LANGUAGE_STANDARD = "gnu++14";
				CLANG_CXX_LIBRARY = "libc++";
				CLANG_ENABLE_MODULES = YES;
				CLANG_ENABLE_OBJC_ARC = YES;
				CLANG_ENABLE_OBJC_WEAK = YES;
				CLANG_WARN_BLOCK_CAPTURE_AUTORELEASING = YES;
				CLANG_WARN_BOOL_CONVERSION = YES;
				CLANG_WARN_COMMA = YES;
				CLANG_WARN_CONSTANT_CONVERSION = YES;
				CLANG_WARN_DEPRECATED_OBJC_IMPLEMENTATIONS = YES;
				CLANG_WARN_DIRECT_OBJC_ISA_USAGE = YES_ERROR;
				CLANG_WARN_DOCUMENTATION_COMMENTS = YES;
				CLANG_WARN_EMPTY_BODY = YES;
				CLANG_WARN_ENUM_CONVERSION = YES;
				CLANG_WARN_INFINITE_RECURSION = YES;
				CLANG_WARN_INT_CONVERSION = YES;
				CLANG_WARN_NON_LITERAL_NULL_CONVERSION = YES;
				CLANG_WARN_OBJC_IMPLICIT_RETAIN_SELF = YES;
				CLANG_WARN_OBJC_LITERAL_CONVERSION = YES;
				CLANG_WARN_OBJC_ROOT_CLASS = YES_ERROR;
				CLANG_WARN_QUOTED_INCLUDE_IN_FRAMEWORK_HEADER = YES;
				CLANG_WARN_RANGE_LOOP_ANALYSIS = YES;
				CLANG_WARN_STRICT_PROTOTYPES = YES;
				CLANG_WARN_SUSPICIOUS_MOVE = YES;
				CLANG_WARN_UNGUARDED_AVAILABILITY = YES_AGGRESSIVE;
				CLANG_WARN_UNREACHABLE_CODE = YES;
				CLANG_WARN__DUPLICATE_METHOD_MATCH = YES;
				COPY_PHASE_STRIP = NO;
				DEBUG_INFORMATION_FORMAT = "dwarf-with-dsym";
				ENABLE_NS_ASSERTIONS = NO;
				ENABLE_STRICT_OBJC_MSGSEND = YES;
				GCC_C_LANGUAGE_STANDARD = gnu11;
				GCC_NO_COMMON_BLOCKS = YES;
				GCC_WARN_64_TO_32_BIT_CONVERSION = YES;
				GCC_WARN_ABOUT_RETURN_TYPE = YES_ERROR;
				GCC_WARN_UNDECLARED_SELECTOR = YES;
				GCC_WARN_UNINITIALIZED_AUTOS = YES_AGGRESSIVE;
				GCC_WARN_UNUSED_FUNCTION = YES;
				GCC_WARN_UNUSED_VARIABLE = YES;
				IPHONEOS_DEPLOYMENT_TARGET = 14.5;
				MTL_ENABLE_DEBUG_INFO = NO;
				MTL_FAST_MATH = YES;
				SDKROOT = iphoneos;
				SWIFT_COMPILATION_MODE = wholemodule;
				SWIFT_OPTIMIZATION_LEVEL = "-O";
				VALIDATE_PRODUCT = YES;
			};
			name = Release;
		};
		42BE35EB26E917B000CBFB1E /* Debug */ = {
			isa = XCBuildConfiguration;
			buildSettings = {
				ASSETCATALOG_COMPILER_APPICON_NAME = AppIcon;
				ASSETCATALOG_COMPILER_GLOBAL_ACCENT_COLOR_NAME = AccentColor;
				CODE_SIGN_STYLE = Automatic;
				DEVELOPMENT_ASSET_PATHS = "\"swift_ui_101/Preview Content\"";
				DEVELOPMENT_TEAM = 2Q98U5HWW8;
				ENABLE_PREVIEWS = YES;
				INFOPLIST_FILE = swift_ui_101/Info.plist;
				IPHONEOS_DEPLOYMENT_TARGET = 14.0;
				LD_RUNPATH_SEARCH_PATHS = (
					"$(inherited)",
					"@executable_path/Frameworks",
				);
				PRODUCT_BUNDLE_IDENTIFIER = "com.aoguz.swift-ui-101";
				PRODUCT_NAME = "$(TARGET_NAME)";
				SWIFT_VERSION = 5.0;
				TARGETED_DEVICE_FAMILY = "1,2";
			};
			name = Debug;
		};
		42BE35EC26E917B000CBFB1E /* Release */ = {
			isa = XCBuildConfiguration;
			buildSettings = {
				ASSETCATALOG_COMPILER_APPICON_NAME = AppIcon;
				ASSETCATALOG_COMPILER_GLOBAL_ACCENT_COLOR_NAME = AccentColor;
				CODE_SIGN_STYLE = Automatic;
				DEVELOPMENT_ASSET_PATHS = "\"swift_ui_101/Preview Content\"";
				DEVELOPMENT_TEAM = 2Q98U5HWW8;
				ENABLE_PREVIEWS = YES;
				INFOPLIST_FILE = swift_ui_101/Info.plist;
				IPHONEOS_DEPLOYMENT_TARGET = 14.0;
				LD_RUNPATH_SEARCH_PATHS = (
					"$(inherited)",
					"@executable_path/Frameworks",
				);
				PRODUCT_BUNDLE_IDENTIFIER = "com.aoguz.swift-ui-101";
				PRODUCT_NAME = "$(TARGET_NAME)";
				SWIFT_VERSION = 5.0;
				TARGETED_DEVICE_FAMILY = "1,2";
			};
			name = Release;
		};
		42BE35EE26E917B000CBFB1E /* Debug */ = {
			isa = XCBuildConfiguration;
			buildSettings = {
				ALWAYS_EMBED_SWIFT_STANDARD_LIBRARIES = YES;
				BUNDLE_LOADER = "$(TEST_HOST)";
				CODE_SIGN_STYLE = Automatic;
				DEVELOPMENT_TEAM = 2Q98U5HWW8;
				INFOPLIST_FILE = swift_ui_101Tests/Info.plist;
				IPHONEOS_DEPLOYMENT_TARGET = 14.0;
				LD_RUNPATH_SEARCH_PATHS = (
					"$(inherited)",
					"@executable_path/Frameworks",
					"@loader_path/Frameworks",
				);
				PRODUCT_BUNDLE_IDENTIFIER = "com.aoguz.swift-ui-101Tests";
				PRODUCT_NAME = "$(TARGET_NAME)";
				SWIFT_VERSION = 5.0;
				TARGETED_DEVICE_FAMILY = "1,2";
				TEST_HOST = "$(BUILT_PRODUCTS_DIR)/swift_ui_101.app/swift_ui_101";
			};
			name = Debug;
		};
		42BE35EF26E917B000CBFB1E /* Release */ = {
			isa = XCBuildConfiguration;
			buildSettings = {
				ALWAYS_EMBED_SWIFT_STANDARD_LIBRARIES = YES;
				BUNDLE_LOADER = "$(TEST_HOST)";
				CODE_SIGN_STYLE = Automatic;
				DEVELOPMENT_TEAM = 2Q98U5HWW8;
				INFOPLIST_FILE = swift_ui_101Tests/Info.plist;
				IPHONEOS_DEPLOYMENT_TARGET = 14.0;
				LD_RUNPATH_SEARCH_PATHS = (
					"$(inherited)",
					"@executable_path/Frameworks",
					"@loader_path/Frameworks",
				);
				PRODUCT_BUNDLE_IDENTIFIER = "com.aoguz.swift-ui-101Tests";
				PRODUCT_NAME = "$(TARGET_NAME)";
				SWIFT_VERSION = 5.0;
				TARGETED_DEVICE_FAMILY = "1,2";
				TEST_HOST = "$(BUILT_PRODUCTS_DIR)/swift_ui_101.app/swift_ui_101";
			};
			name = Release;
		};
		42BE35F126E917B000CBFB1E /* Debug */ = {
			isa = XCBuildConfiguration;
			buildSettings = {
				ALWAYS_EMBED_SWIFT_STANDARD_LIBRARIES = YES;
				CODE_SIGN_STYLE = Automatic;
				DEVELOPMENT_TEAM = 2Q98U5HWW8;
				INFOPLIST_FILE = swift_ui_101UITests/Info.plist;
				LD_RUNPATH_SEARCH_PATHS = (
					"$(inherited)",
					"@executable_path/Frameworks",
					"@loader_path/Frameworks",
				);
				PRODUCT_BUNDLE_IDENTIFIER = "com.aoguz.swift-ui-101UITests";
				PRODUCT_NAME = "$(TARGET_NAME)";
				SWIFT_VERSION = 5.0;
				TARGETED_DEVICE_FAMILY = "1,2";
				TEST_TARGET_NAME = swift_ui_101;
			};
			name = Debug;
		};
		42BE35F226E917B000CBFB1E /* Release */ = {
			isa = XCBuildConfiguration;
			buildSettings = {
				ALWAYS_EMBED_SWIFT_STANDARD_LIBRARIES = YES;
				CODE_SIGN_STYLE = Automatic;
				DEVELOPMENT_TEAM = 2Q98U5HWW8;
				INFOPLIST_FILE = swift_ui_101UITests/Info.plist;
				LD_RUNPATH_SEARCH_PATHS = (
					"$(inherited)",
					"@executable_path/Frameworks",
					"@loader_path/Frameworks",
				);
				PRODUCT_BUNDLE_IDENTIFIER = "com.aoguz.swift-ui-101UITests";
				PRODUCT_NAME = "$(TARGET_NAME)";
				SWIFT_VERSION = 5.0;
				TARGETED_DEVICE_FAMILY = "1,2";
				TEST_TARGET_NAME = swift_ui_101;
			};
			name = Release;
		};
/* End XCBuildConfiguration section */

/* Begin XCConfigurationList section */
		42BE35C026E917AE00CBFB1E /* Build configuration list for PBXProject "swift_ui_101" */ = {
			isa = XCConfigurationList;
			buildConfigurations = (
				42BE35E826E917B000CBFB1E /* Debug */,
				42BE35E926E917B000CBFB1E /* Release */,
			);
			defaultConfigurationIsVisible = 0;
			defaultConfigurationName = Release;
		};
		42BE35EA26E917B000CBFB1E /* Build configuration list for PBXNativeTarget "swift_ui_101" */ = {
			isa = XCConfigurationList;
			buildConfigurations = (
				42BE35EB26E917B000CBFB1E /* Debug */,
				42BE35EC26E917B000CBFB1E /* Release */,
			);
			defaultConfigurationIsVisible = 0;
			defaultConfigurationName = Release;
		};
		42BE35ED26E917B000CBFB1E /* Build configuration list for PBXNativeTarget "swift_ui_101Tests" */ = {
			isa = XCConfigurationList;
			buildConfigurations = (
				42BE35EE26E917B000CBFB1E /* Debug */,
				42BE35EF26E917B000CBFB1E /* Release */,
			);
			defaultConfigurationIsVisible = 0;
			defaultConfigurationName = Release;
		};
		42BE35F026E917B000CBFB1E /* Build configuration list for PBXNativeTarget "swift_ui_101UITests" */ = {
			isa = XCConfigurationList;
			buildConfigurations = (
				42BE35F126E917B000CBFB1E /* Debug */,
				42BE35F226E917B000CBFB1E /* Release */,
			);
			defaultConfigurationIsVisible = 0;
			defaultConfigurationName = Release;
		};
/* End XCConfigurationList section */

/* Begin XCRemoteSwiftPackageReference section */
		4201A823270DE0B4007E40B2 /* XCRemoteSwiftPackageReference "Kingfisher" */ = {
			isa = XCRemoteSwiftPackageReference;
			repositoryURL = "https://github.com/onevcat/Kingfisher";
			requirement = {
				kind = upToNextMajorVersion;
				minimumVersion = 7.0.0;
			};
		};
/* End XCRemoteSwiftPackageReference section */

/* Begin XCSwiftPackageProductDependency section */
		4201A824270DE0B4007E40B2 /* Kingfisher */ = {
			isa = XCSwiftPackageProductDependency;
			package = 4201A823270DE0B4007E40B2 /* XCRemoteSwiftPackageReference "Kingfisher" */;
			productName = Kingfisher;
		};
/* End XCSwiftPackageProductDependency section */
	};
	rootObject = 42BE35BD26E917AE00CBFB1E /* Project object */;
}
